// !$*UTF8*$!
{
	archiveVersion = 1;
	classes = {
	};
	objectVersion = 46;
	objects = {

/* Begin PBXBuildFile section */
		9382535C54D42FC1B542B057 /* libPods.a in Frameworks */ = {isa = PBXBuildFile; fileRef = E32483AE741A77F052FAC12E /* libPods.a */; };
		B418751A1A0CCFA000802DCE /* MineTracks.GPX in Resources */ = {isa = PBXBuildFile; fileRef = B41875191A0CCFA000802DCE /* MineTracks.GPX */; };
		B4216C6319A29BC900BC8725 /* Main.storyboard in Resources */ = {isa = PBXBuildFile; fileRef = B4216C6119A29BC900BC8725 /* Main.storyboard */; };
		B44357C419A3E755002B8323 /* mountain.png in Resources */ = {isa = PBXBuildFile; fileRef = B44357C319A3E755002B8323 /* mountain.png */; };
		B4520F4C19917CEF00268F05 /* SummitCell.swift in Sources */ = {isa = PBXBuildFile; fileRef = B4520F4B19917CEF00268F05 /* SummitCell.swift */; };
		B469C0F819C4B381005C9596 /* ImageVideoPicker.swift in Sources */ = {isa = PBXBuildFile; fileRef = B469C0F719C4B381005C9596 /* ImageVideoPicker.swift */; };
		B48C6D4D19AB911E009AFB4B /* Photos.framework in Frameworks */ = {isa = PBXBuildFile; fileRef = B48C6D4C19AB911E009AFB4B /* Photos.framework */; };
		B4C523A919D1831B00CD44C2 /* ToppturSvalbard.geojson in Resources */ = {isa = PBXBuildFile; fileRef = B4C523A819D1831B00CD44C2 /* ToppturSvalbard.geojson */; };
		B4C6689E19A9C2CD00ACEE18 /* text-list.png in Resources */ = {isa = PBXBuildFile; fileRef = B4C6689D19A9C2CD00ACEE18 /* text-list.png */; };
		B4C668A419A9C3CA00ACEE18 /* facebook.png in Resources */ = {isa = PBXBuildFile; fileRef = B4C668A319A9C3CA00ACEE18 /* facebook.png */; };
		B4C8973619D1649300B19933 /* Launch Screen.xib in Resources */ = {isa = PBXBuildFile; fileRef = B4C8973519D1649300B19933 /* Launch Screen.xib */; };
		B4C936FC199803AF0078BFC7 /* VisitCell.swift in Sources */ = {isa = PBXBuildFile; fileRef = B4C936FB199803AF0078BFC7 /* VisitCell.swift */; };
		B4C95EBD19C836F800BBF135 /* Blomsterdalshogda.png in Resources */ = {isa = PBXBuildFile; fileRef = B4C95EAF19C836F800BBF135 /* Blomsterdalshogda.png */; };
		B4C95EBE19C836F800BBF135 /* Endalen.png in Resources */ = {isa = PBXBuildFile; fileRef = B4C95EB019C836F800BBF135 /* Endalen.png */; };
		B4C95EBF19C836F800BBF135 /* Fuglefjella.png in Resources */ = {isa = PBXBuildFile; fileRef = B4C95EB119C836F800BBF135 /* Fuglefjella.png */; };
		B4C95EC019C836F800BBF135 /* Lindholmhogda.png in Resources */ = {isa = PBXBuildFile; fileRef = B4C95EB219C836F800BBF135 /* Lindholmhogda.png */; };
		B4C95EC119C836F800BBF135 /* MorenaLongyearbreen.png in Resources */ = {isa = PBXBuildFile; fileRef = B4C95EB319C836F800BBF135 /* MorenaLongyearbreen.png */; };
		B4C95EC219C836F800BBF135 /* Nordenskjold.png in Resources */ = {isa = PBXBuildFile; fileRef = B4C95EB419C836F800BBF135 /* Nordenskjold.png */; };
		B4C95EC319C836F800BBF135 /* Sarkofagen.png in Resources */ = {isa = PBXBuildFile; fileRef = B4C95EB519C836F800BBF135 /* Sarkofagen.png */; };
		B4C95EC419C836F800BBF135 /* Sneheim.png in Resources */ = {isa = PBXBuildFile; fileRef = B4C95EB619C836F800BBF135 /* Sneheim.png */; };
		B4C95EC519C836F800BBF135 /* Sukkertoppen.png in Resources */ = {isa = PBXBuildFile; fileRef = B4C95EB719C836F800BBF135 /* Sukkertoppen.png */; };
		B4C95EC619C836F800BBF135 /* Sverdruphammaren.png in Resources */ = {isa = PBXBuildFile; fileRef = B4C95EB819C836F800BBF135 /* Sverdruphammaren.png */; };
		B4C95EC719C836F800BBF135 /* Trollstein.png in Resources */ = {isa = PBXBuildFile; fileRef = B4C95EB919C836F800BBF135 /* Trollstein.png */; };
		B4C95EC819C836F800BBF135 /* VardenBjorndalen.png in Resources */ = {isa = PBXBuildFile; fileRef = B4C95EBA19C836F800BBF135 /* VardenBjorndalen.png */; };
		B4C95EC919C836F800BBF135 /* VardenBolterdalen.png in Resources */ = {isa = PBXBuildFile; fileRef = B4C95EBB19C836F800BBF135 /* VardenBolterdalen.png */; };
		B4C95ECA19C836F800BBF135 /* VardenPlataaberget.png in Resources */ = {isa = PBXBuildFile; fileRef = B4C95EBC19C836F800BBF135 /* VardenPlataaberget.png */; };
		B4CC1CBA1991F64A0059B5AD /* Summit.swift in Sources */ = {isa = PBXBuildFile; fileRef = B4CC1CB91991F64A0059B5AD /* Summit.swift */; };
		B4CEA54F19955B3F00F6411A /* EditVisitDateVC.swift in Sources */ = {isa = PBXBuildFile; fileRef = B4CEA54E19955B3F00F6411A /* EditVisitDateVC.swift */; };
		B4CFB24019ACA4D2005F9AAF /* PhotoThumbnail.swift in Sources */ = {isa = PBXBuildFile; fileRef = B4CFB23F19ACA4D2005F9AAF /* PhotoThumbnail.swift */; };
		B4D01AF719A23C8C00CA44B3 /* MapKit.framework in Frameworks */ = {isa = PBXBuildFile; fileRef = B4D01AF619A23C8C00CA44B3 /* MapKit.framework */; };
		B4D175D2198C100D008DA3AE /* AppDelegate.swift in Sources */ = {isa = PBXBuildFile; fileRef = B4D175D1198C100D008DA3AE /* AppDelegate.swift */; };
		B4D175D5198C100D008DA3AE /* ToppTurSvalbard.xcdatamodeld in Sources */ = {isa = PBXBuildFile; fileRef = B4D175D3198C100D008DA3AE /* ToppTurSvalbard.xcdatamodeld */; };
		B4D175DC198C100D008DA3AE /* Images.xcassets in Resources */ = {isa = PBXBuildFile; fileRef = B4D175DB198C100D008DA3AE /* Images.xcassets */; };
		B4D175F2198C11C8008DA3AE /* MainVC.swift in Sources */ = {isa = PBXBuildFile; fileRef = B4D175F1198C11C8008DA3AE /* MainVC.swift */; };
		B4D175F4198C1215008DA3AE /* DetailVC.swift in Sources */ = {isa = PBXBuildFile; fileRef = B4D175F3198C1215008DA3AE /* DetailVC.swift */; };
		B4D175F6198C1BF3008DA3AE /* SummitManager.swift in Sources */ = {isa = PBXBuildFile; fileRef = B4D175F5198C1BF3008DA3AE /* SummitManager.swift */; };
		B4D175F8198C1C4C008DA3AE /* PersistenceHelper.swift in Sources */ = {isa = PBXBuildFile; fileRef = B4D175F7198C1C4C008DA3AE /* PersistenceHelper.swift */; };
		B4D2A3191A10C10200107BB0 /* Topptur.GPX in Resources */ = {isa = PBXBuildFile; fileRef = B4D2A3181A10C10200107BB0 /* Topptur.GPX */; };
		B4D2A31B1A10C95600107BB0 /* Lindholmshøgda.GPX in Resources */ = {isa = PBXBuildFile; fileRef = B4D2A31A1A10C95600107BB0 /* Lindholmshøgda.GPX */; };
		B4D2A31D1A10CB1000107BB0 /* Sukkertoppen.GPX in Resources */ = {isa = PBXBuildFile; fileRef = B4D2A31C1A10CB1000107BB0 /* Sukkertoppen.GPX */; };
		B4D6324119AB1C55003A7BE9 /* MainMapVC.swift in Sources */ = {isa = PBXBuildFile; fileRef = B4D6324019AB1C55003A7BE9 /* MainMapVC.swift */; };
		B4D6324719AB338A003A7BE9 /* SummitPointAnnotation.swift in Sources */ = {isa = PBXBuildFile; fileRef = B4D6324619AB338A003A7BE9 /* SummitPointAnnotation.swift */; };
		B4D6324919AB3B1A003A7BE9 /* CoreLocation.framework in Frameworks */ = {isa = PBXBuildFile; fileRef = B4D6324819AB3B1A003A7BE9 /* CoreLocation.framework */; };
		B4D6324D19AB5FB0003A7BE9 /* 103-map.png in Resources */ = {isa = PBXBuildFile; fileRef = B4D6324C19AB5FB0003A7BE9 /* 103-map.png */; };
		B4D6324F19AB6000003A7BE9 /* 07-map-marker.png in Resources */ = {isa = PBXBuildFile; fileRef = B4D6324E19AB6000003A7BE9 /* 07-map-marker.png */; };
		B4DCF59619A9157000C3B7F2 /* DescriptionVC.swift in Sources */ = {isa = PBXBuildFile; fileRef = B4DCF59519A9157000C3B7F2 /* DescriptionVC.swift */; };
		B4DCF59A19A92E8E00C3B7F2 /* MapVC.swift in Sources */ = {isa = PBXBuildFile; fileRef = B4DCF59919A92E8E00C3B7F2 /* MapVC.swift */; };
		B4DE042B19A0BE69004EF7C3 /* Localizable.strings in Resources */ = {isa = PBXBuildFile; fileRef = B4DE042D19A0BE69004EF7C3 /* Localizable.strings */; };
		B4E4A6E819CAF1A8002B5AC6 /* InfoVC.swift in Sources */ = {isa = PBXBuildFile; fileRef = B4E4A6E719CAF1A8002B5AC6 /* InfoVC.swift */; };
		B4EEFFF119D1CF7B00526376 /* AppIcon72x72.png in Resources */ = {isa = PBXBuildFile; fileRef = B4EEFFF019D1CF7B00526376 /* AppIcon72x72.png */; };
		B4FB189C19B73AB8000994AB /* TabBarVC.swift in Sources */ = {isa = PBXBuildFile; fileRef = B4FB189B19B73AB8000994AB /* TabBarVC.swift */; };
/* End PBXBuildFile section */

/* Begin PBXContainerItemProxy section */
		B4D175E2198C100D008DA3AE /* PBXContainerItemProxy */ = {
			isa = PBXContainerItemProxy;
			containerPortal = B4D175C4198C100D008DA3AE /* Project object */;
			proxyType = 1;
			remoteGlobalIDString = B4D175CB198C100D008DA3AE;
			remoteInfo = ToppTurSvalbard;
		};
/* End PBXContainerItemProxy section */

/* Begin PBXFileReference section */
		927B464433E3DAF468879A76 /* Pods.debug.xcconfig */ = {isa = PBXFileReference; includeInIndex = 1; lastKnownFileType = text.xcconfig; name = Pods.debug.xcconfig; path = "Pods/Target Support Files/Pods/Pods.debug.xcconfig"; sourceTree = "<group>"; };
		9BB14E605E8C81C51782C672 /* Pods.release.xcconfig */ = {isa = PBXFileReference; includeInIndex = 1; lastKnownFileType = text.xcconfig; name = Pods.release.xcconfig; path = "Pods/Target Support Files/Pods/Pods.release.xcconfig"; sourceTree = "<group>"; };
		B41875191A0CCFA000802DCE /* MineTracks.GPX */ = {isa = PBXFileReference; fileEncoding = 4; lastKnownFileType = text.xml; path = MineTracks.GPX; sourceTree = "<group>"; };
		B4216C6219A29BC900BC8725 /* Base */ = {isa = PBXFileReference; lastKnownFileType = file.storyboard; name = Base; path = Base.lproj/Main.storyboard; sourceTree = "<group>"; };
		B44357C319A3E755002B8323 /* mountain.png */ = {isa = PBXFileReference; lastKnownFileType = image.png; name = mountain.png; path = "iconbeast-lite/iconbeast lite - png/mountain.png"; sourceTree = "<group>"; };
		B4520F4B19917CEF00268F05 /* SummitCell.swift */ = {isa = PBXFileReference; fileEncoding = 4; lastKnownFileType = sourcecode.swift; path = SummitCell.swift; sourceTree = "<group>"; };
		B45B8C1419C72660003F8B7A /* en */ = {isa = PBXFileReference; lastKnownFileType = text.plist.strings; name = en; path = en.lproj/Main.strings; sourceTree = "<group>"; };
		B45B8C1619C726A2003F8B7A /* nb */ = {isa = PBXFileReference; lastKnownFileType = text.plist.strings; name = nb; path = nb.lproj/Main.strings; sourceTree = "<group>"; };
		B469C0F719C4B381005C9596 /* ImageVideoPicker.swift */ = {isa = PBXFileReference; fileEncoding = 4; lastKnownFileType = sourcecode.swift; path = ImageVideoPicker.swift; sourceTree = "<group>"; };
		B47C47821A0B7FE0002F5B7E /* ToppTurSvalbardTests.xctest */ = {isa = PBXFileReference; explicitFileType = wrapper.cfbundle; includeInIndex = 0; path = ToppTurSvalbardTests.xctest; sourceTree = BUILT_PRODUCTS_DIR; };
		B48C6D4C19AB911E009AFB4B /* Photos.framework */ = {isa = PBXFileReference; lastKnownFileType = wrapper.framework; name = Photos.framework; path = System/Library/Frameworks/Photos.framework; sourceTree = SDKROOT; };
		B4C523A819D1831B00CD44C2 /* ToppturSvalbard.geojson */ = {isa = PBXFileReference; fileEncoding = 4; lastKnownFileType = text; path = ToppturSvalbard.geojson; sourceTree = "<group>"; };
		B4C6689D19A9C2CD00ACEE18 /* text-list.png */ = {isa = PBXFileReference; lastKnownFileType = image.png; name = "text-list.png"; path = "iconbeast-lite/iconbeast lite - png/text-list.png"; sourceTree = "<group>"; };
		B4C668A319A9C3CA00ACEE18 /* facebook.png */ = {isa = PBXFileReference; lastKnownFileType = image.png; name = facebook.png; path = "iconbeast-lite/iconbeast lite - png/facebook.png"; sourceTree = "<group>"; };
		B4C8973519D1649300B19933 /* Launch Screen.xib */ = {isa = PBXFileReference; fileEncoding = 4; lastKnownFileType = file.xib; path = "Launch Screen.xib"; sourceTree = "<group>"; };
		B4C936FB199803AF0078BFC7 /* VisitCell.swift */ = {isa = PBXFileReference; fileEncoding = 4; lastKnownFileType = sourcecode.swift; path = VisitCell.swift; sourceTree = "<group>"; };
		B4C95EAF19C836F800BBF135 /* Blomsterdalshogda.png */ = {isa = PBXFileReference; lastKnownFileType = image.png; path = Blomsterdalshogda.png; sourceTree = "<group>"; };
		B4C95EB019C836F800BBF135 /* Endalen.png */ = {isa = PBXFileReference; lastKnownFileType = image.png; path = Endalen.png; sourceTree = "<group>"; };
		B4C95EB119C836F800BBF135 /* Fuglefjella.png */ = {isa = PBXFileReference; lastKnownFileType = image.png; path = Fuglefjella.png; sourceTree = "<group>"; };
		B4C95EB219C836F800BBF135 /* Lindholmhogda.png */ = {isa = PBXFileReference; lastKnownFileType = image.png; path = Lindholmhogda.png; sourceTree = "<group>"; };
		B4C95EB319C836F800BBF135 /* MorenaLongyearbreen.png */ = {isa = PBXFileReference; lastKnownFileType = image.png; path = MorenaLongyearbreen.png; sourceTree = "<group>"; };
		B4C95EB419C836F800BBF135 /* Nordenskjold.png */ = {isa = PBXFileReference; lastKnownFileType = image.png; path = Nordenskjold.png; sourceTree = "<group>"; };
		B4C95EB519C836F800BBF135 /* Sarkofagen.png */ = {isa = PBXFileReference; lastKnownFileType = image.png; path = Sarkofagen.png; sourceTree = "<group>"; };
		B4C95EB619C836F800BBF135 /* Sneheim.png */ = {isa = PBXFileReference; lastKnownFileType = image.png; path = Sneheim.png; sourceTree = "<group>"; };
		B4C95EB719C836F800BBF135 /* Sukkertoppen.png */ = {isa = PBXFileReference; lastKnownFileType = image.png; path = Sukkertoppen.png; sourceTree = "<group>"; };
		B4C95EB819C836F800BBF135 /* Sverdruphammaren.png */ = {isa = PBXFileReference; lastKnownFileType = image.png; path = Sverdruphammaren.png; sourceTree = "<group>"; };
		B4C95EB919C836F800BBF135 /* Trollstein.png */ = {isa = PBXFileReference; lastKnownFileType = image.png; path = Trollstein.png; sourceTree = "<group>"; };
		B4C95EBA19C836F800BBF135 /* VardenBjorndalen.png */ = {isa = PBXFileReference; lastKnownFileType = image.png; path = VardenBjorndalen.png; sourceTree = "<group>"; };
		B4C95EBB19C836F800BBF135 /* VardenBolterdalen.png */ = {isa = PBXFileReference; lastKnownFileType = image.png; path = VardenBolterdalen.png; sourceTree = "<group>"; };
		B4C95EBC19C836F800BBF135 /* VardenPlataaberget.png */ = {isa = PBXFileReference; lastKnownFileType = image.png; path = VardenPlataaberget.png; sourceTree = "<group>"; };
		B4CC1CB91991F64A0059B5AD /* Summit.swift */ = {isa = PBXFileReference; fileEncoding = 4; lastKnownFileType = sourcecode.swift; path = Summit.swift; sourceTree = "<group>"; };
		B4CEA54E19955B3F00F6411A /* EditVisitDateVC.swift */ = {isa = PBXFileReference; fileEncoding = 4; lastKnownFileType = sourcecode.swift; path = EditVisitDateVC.swift; sourceTree = "<group>"; };
		B4CFB23F19ACA4D2005F9AAF /* PhotoThumbnail.swift */ = {isa = PBXFileReference; fileEncoding = 4; lastKnownFileType = sourcecode.swift; path = PhotoThumbnail.swift; sourceTree = "<group>"; };
		B4D01AF619A23C8C00CA44B3 /* MapKit.framework */ = {isa = PBXFileReference; lastKnownFileType = wrapper.framework; name = MapKit.framework; path = System/Library/Frameworks/MapKit.framework; sourceTree = SDKROOT; };
		B4D175D0198C100D008DA3AE /* Info.plist */ = {isa = PBXFileReference; lastKnownFileType = text.plist.xml; path = Info.plist; sourceTree = "<group>"; };
		B4D175D1198C100D008DA3AE /* AppDelegate.swift */ = {isa = PBXFileReference; lastKnownFileType = sourcecode.swift; path = AppDelegate.swift; sourceTree = "<group>"; };
		B4D175D4198C100D008DA3AE /* ToppTurSvalbard.xcdatamodel */ = {isa = PBXFileReference; lastKnownFileType = wrapper.xcdatamodel; path = ToppTurSvalbard.xcdatamodel; sourceTree = "<group>"; };
		B4D175DB198C100D008DA3AE /* Images.xcassets */ = {isa = PBXFileReference; lastKnownFileType = folder.assetcatalog; path = Images.xcassets; sourceTree = "<group>"; };
		B4D175F1198C11C8008DA3AE /* MainVC.swift */ = {isa = PBXFileReference; fileEncoding = 4; lastKnownFileType = sourcecode.swift; path = MainVC.swift; sourceTree = "<group>"; };
		B4D175F3198C1215008DA3AE /* DetailVC.swift */ = {isa = PBXFileReference; fileEncoding = 4; lastKnownFileType = sourcecode.swift; path = DetailVC.swift; sourceTree = "<group>"; };
		B4D175F5198C1BF3008DA3AE /* SummitManager.swift */ = {isa = PBXFileReference; fileEncoding = 4; lastKnownFileType = sourcecode.swift; path = SummitManager.swift; sourceTree = "<group>"; };
		B4D175F7198C1C4C008DA3AE /* PersistenceHelper.swift */ = {isa = PBXFileReference; fileEncoding = 4; lastKnownFileType = sourcecode.swift; path = PersistenceHelper.swift; sourceTree = "<group>"; };
		B4D2A3181A10C10200107BB0 /* Topptur.GPX */ = {isa = PBXFileReference; fileEncoding = 4; lastKnownFileType = text.xml; path = Topptur.GPX; sourceTree = "<group>"; };
		B4D2A31A1A10C95600107BB0 /* Lindholmshøgda.GPX */ = {isa = PBXFileReference; fileEncoding = 4; lastKnownFileType = text.xml; path = "Lindholmshøgda.GPX"; sourceTree = "<group>"; };
		B4D2A31C1A10CB1000107BB0 /* Sukkertoppen.GPX */ = {isa = PBXFileReference; fileEncoding = 4; lastKnownFileType = text.xml; path = Sukkertoppen.GPX; sourceTree = "<group>"; };
		B4D57BA21A026885008D5478 /* Topptur.app */ = {isa = PBXFileReference; explicitFileType = wrapper.application; includeInIndex = 0; path = Topptur.app; sourceTree = BUILT_PRODUCTS_DIR; };
		B4D6324019AB1C55003A7BE9 /* MainMapVC.swift */ = {isa = PBXFileReference; fileEncoding = 4; lastKnownFileType = sourcecode.swift; path = MainMapVC.swift; sourceTree = "<group>"; };
		B4D6324619AB338A003A7BE9 /* SummitPointAnnotation.swift */ = {isa = PBXFileReference; fileEncoding = 4; lastKnownFileType = sourcecode.swift; path = SummitPointAnnotation.swift; sourceTree = "<group>"; };
		B4D6324819AB3B1A003A7BE9 /* CoreLocation.framework */ = {isa = PBXFileReference; lastKnownFileType = wrapper.framework; name = CoreLocation.framework; path = System/Library/Frameworks/CoreLocation.framework; sourceTree = SDKROOT; };
		B4D6324C19AB5FB0003A7BE9 /* 103-map.png */ = {isa = PBXFileReference; lastKnownFileType = image.png; name = "103-map.png"; path = "PNG icons/103-map.png"; sourceTree = "<group>"; };
		B4D6324E19AB6000003A7BE9 /* 07-map-marker.png */ = {isa = PBXFileReference; lastKnownFileType = image.png; name = "07-map-marker.png"; path = "PNG icons/07-map-marker.png"; sourceTree = "<group>"; };
		B4DBA8B21A0B71F30075BE39 /* ToppTurSvalbard-Bridging-Header.h */ = {isa = PBXFileReference; lastKnownFileType = sourcecode.c.h; path = "ToppTurSvalbard-Bridging-Header.h"; sourceTree = "<group>"; };
		B4DCF59519A9157000C3B7F2 /* DescriptionVC.swift */ = {isa = PBXFileReference; fileEncoding = 4; lastKnownFileType = sourcecode.swift; path = DescriptionVC.swift; sourceTree = "<group>"; };
		B4DCF59919A92E8E00C3B7F2 /* MapVC.swift */ = {isa = PBXFileReference; fileEncoding = 4; lastKnownFileType = sourcecode.swift; path = MapVC.swift; sourceTree = "<group>"; };
		B4DE042C19A0BE69004EF7C3 /* Base */ = {isa = PBXFileReference; lastKnownFileType = text.plist.strings; name = Base; path = Base.lproj/Localizable.strings; sourceTree = "<group>"; };
		B4DE043119A0BF2B004EF7C3 /* en */ = {isa = PBXFileReference; lastKnownFileType = text.plist.strings; name = en; path = en.lproj/Localizable.strings; sourceTree = "<group>"; };
		B4DE043319A0C069004EF7C3 /* nb */ = {isa = PBXFileReference; lastKnownFileType = text.plist.strings; name = nb; path = nb.lproj/Localizable.strings; sourceTree = "<group>"; };
		B4E4A6E719CAF1A8002B5AC6 /* InfoVC.swift */ = {isa = PBXFileReference; fileEncoding = 4; lastKnownFileType = sourcecode.swift; path = InfoVC.swift; sourceTree = "<group>"; };
		B4EEFFF019D1CF7B00526376 /* AppIcon72x72.png */ = {isa = PBXFileReference; lastKnownFileType = image.png; path = AppIcon72x72.png; sourceTree = "<group>"; };
		B4FB189B19B73AB8000994AB /* TabBarVC.swift */ = {isa = PBXFileReference; fileEncoding = 4; lastKnownFileType = sourcecode.swift; path = TabBarVC.swift; sourceTree = "<group>"; };
		E32483AE741A77F052FAC12E /* libPods.a */ = {isa = PBXFileReference; explicitFileType = archive.ar; includeInIndex = 0; path = libPods.a; sourceTree = BUILT_PRODUCTS_DIR; };
/* End PBXFileReference section */

/* Begin PBXFrameworksBuildPhase section */
		B4D175C9198C100D008DA3AE /* Frameworks */ = {
			isa = PBXFrameworksBuildPhase;
			buildActionMask = 2147483647;
			files = (
				B48C6D4D19AB911E009AFB4B /* Photos.framework in Frameworks */,
				B4D6324919AB3B1A003A7BE9 /* CoreLocation.framework in Frameworks */,
				B4D01AF719A23C8C00CA44B3 /* MapKit.framework in Frameworks */,
				9382535C54D42FC1B542B057 /* libPods.a in Frameworks */,
			);
			runOnlyForDeploymentPostprocessing = 0;
		};
		B4D175DE198C100D008DA3AE /* Frameworks */ = {
			isa = PBXFrameworksBuildPhase;
			buildActionMask = 2147483647;
			files = (
			);
			runOnlyForDeploymentPostprocessing = 0;
		};
/* End PBXFrameworksBuildPhase section */

/* Begin PBXGroup section */
		71EBEC545A31FAEEA7712637 /* Frameworks */ = {
			isa = PBXGroup;
			children = (
			);
			name = Frameworks;
			sourceTree = "<group>";
		};
		7D2AD51DB2C6D83C8CD5D8F3 /* Pods */ = {
			isa = PBXGroup;
			children = (
				927B464433E3DAF468879A76 /* Pods.debug.xcconfig */,
				9BB14E605E8C81C51782C672 /* Pods.release.xcconfig */,
			);
			name = Pods;
			sourceTree = "<group>";
		};
		B47C47831A0B802D002F5B7E /* Indexing headers */ = {
			isa = PBXGroup;
			children = (
				B4DBA8B21A0B71F30075BE39 /* ToppTurSvalbard-Bridging-Header.h */,
			);
			name = "Indexing headers";
			sourceTree = "<group>";
		};
		B4D175C3198C100D008DA3AE = {
			isa = PBXGroup;
			children = (
				B4D175CE198C100D008DA3AE /* ToppTurSvalbard */,
				B4D57BA21A026885008D5478 /* Topptur.app */,
				B47C47821A0B7FE0002F5B7E /* ToppTurSvalbardTests.xctest */,
				7D2AD51DB2C6D83C8CD5D8F3 /* Pods */,
				71EBEC545A31FAEEA7712637 /* Frameworks */,
			);
			sourceTree = "<group>";
		};
		B4D175CE198C100D008DA3AE /* ToppTurSvalbard */ = {
			isa = PBXGroup;
			children = (
				B47C47831A0B802D002F5B7E /* Indexing headers */,
				B4DBA8AF1A0B71A60075BE39 /* Frameworks */,
				B4D57BCD1A0384AC008D5478 /* Photo and Video */,
				B4D57BA41A0268E2008D5478 /* Images */,
				B4D57BA51A0268F9008D5478 /* Geodata */,
				B4D57BCC1A03848D008D5478 /* Core Data */,
				B4D57BCB1A038423008D5478 /* Summit */,
				B4D57BCA1A03840B008D5478 /* Storyboard */,
				B4D175D1198C100D008DA3AE /* AppDelegate.swift */,
				B4D175F1198C11C8008DA3AE /* MainVC.swift */,
				B4E4A6E719CAF1A8002B5AC6 /* InfoVC.swift */,
				B4D6324019AB1C55003A7BE9 /* MainMapVC.swift */,
				B4D175F3198C1215008DA3AE /* DetailVC.swift */,
				B4CEA54E19955B3F00F6411A /* EditVisitDateVC.swift */,
				B4DCF59519A9157000C3B7F2 /* DescriptionVC.swift */,
				B4DCF59919A92E8E00C3B7F2 /* MapVC.swift */,
				B4FB189B19B73AB8000994AB /* TabBarVC.swift */,
				B4DE042D19A0BE69004EF7C3 /* Localizable.strings */,
				B4D175CF198C100D008DA3AE /* Supporting Files */,
			);
			path = ToppTurSvalbard;
			sourceTree = "<group>";
		};
		B4D175CF198C100D008DA3AE /* Supporting Files */ = {
			isa = PBXGroup;
			children = (
				B4EEFFF019D1CF7B00526376 /* AppIcon72x72.png */,
				B4D6324E19AB6000003A7BE9 /* 07-map-marker.png */,
				B4D6324C19AB5FB0003A7BE9 /* 103-map.png */,
				B4C668A319A9C3CA00ACEE18 /* facebook.png */,
				B4C6689D19A9C2CD00ACEE18 /* text-list.png */,
				B44357C319A3E755002B8323 /* mountain.png */,
				B4D175D0198C100D008DA3AE /* Info.plist */,
			);
			name = "Supporting Files";
			sourceTree = "<group>";
		};
		B4D57BA41A0268E2008D5478 /* Images */ = {
			isa = PBXGroup;
			children = (
				B4D175DB198C100D008DA3AE /* Images.xcassets */,
				B4C95EAF19C836F800BBF135 /* Blomsterdalshogda.png */,
				B4C95EB019C836F800BBF135 /* Endalen.png */,
				B4C95EB119C836F800BBF135 /* Fuglefjella.png */,
				B4C95EB219C836F800BBF135 /* Lindholmhogda.png */,
				B4C95EB319C836F800BBF135 /* MorenaLongyearbreen.png */,
				B4C95EB419C836F800BBF135 /* Nordenskjold.png */,
				B4C95EB519C836F800BBF135 /* Sarkofagen.png */,
				B4C95EB619C836F800BBF135 /* Sneheim.png */,
				B4C95EB719C836F800BBF135 /* Sukkertoppen.png */,
				B4C95EB819C836F800BBF135 /* Sverdruphammaren.png */,
				B4C95EB919C836F800BBF135 /* Trollstein.png */,
				B4C95EBA19C836F800BBF135 /* VardenBjorndalen.png */,
				B4C95EBB19C836F800BBF135 /* VardenBolterdalen.png */,
				B4C95EBC19C836F800BBF135 /* VardenPlataaberget.png */,
			);
			name = Images;
			sourceTree = "<group>";
		};
		B4D57BA51A0268F9008D5478 /* Geodata */ = {
			isa = PBXGroup;
			children = (
				B4D2A31C1A10CB1000107BB0 /* Sukkertoppen.GPX */,
				B4D2A31A1A10C95600107BB0 /* Lindholmshøgda.GPX */,
				B4D2A3181A10C10200107BB0 /* Topptur.GPX */,
				B41875191A0CCFA000802DCE /* MineTracks.GPX */,
				B4C523A819D1831B00CD44C2 /* ToppturSvalbard.geojson */,
			);
			name = Geodata;
			sourceTree = "<group>";
		};
		B4D57BCA1A03840B008D5478 /* Storyboard */ = {
			isa = PBXGroup;
			children = (
				B4216C6119A29BC900BC8725 /* Main.storyboard */,
				B4C8973519D1649300B19933 /* Launch Screen.xib */,
			);
			name = Storyboard;
			sourceTree = "<group>";
		};
		B4D57BCB1A038423008D5478 /* Summit */ = {
			isa = PBXGroup;
			children = (
				B4D175F5198C1BF3008DA3AE /* SummitManager.swift */,
				B4CC1CB91991F64A0059B5AD /* Summit.swift */,
				B4520F4B19917CEF00268F05 /* SummitCell.swift */,
				B4D6324619AB338A003A7BE9 /* SummitPointAnnotation.swift */,
				B4C936FB199803AF0078BFC7 /* VisitCell.swift */,
			);
			name = Summit;
			sourceTree = "<group>";
		};
		B4D57BCC1A03848D008D5478 /* Core Data */ = {
			isa = PBXGroup;
			children = (
				B4D175D3198C100D008DA3AE /* ToppTurSvalbard.xcdatamodeld */,
				B4D175F7198C1C4C008DA3AE /* PersistenceHelper.swift */,
			);
			name = "Core Data";
			sourceTree = "<group>";
		};
		B4D57BCD1A0384AC008D5478 /* Photo and Video */ = {
			isa = PBXGroup;
			children = (
				B4CFB23F19ACA4D2005F9AAF /* PhotoThumbnail.swift */,
				B469C0F719C4B381005C9596 /* ImageVideoPicker.swift */,
			);
			name = "Photo and Video";
			sourceTree = "<group>";
		};
		B4DBA8AF1A0B71A60075BE39 /* Frameworks */ = {
			isa = PBXGroup;
			children = (
				E32483AE741A77F052FAC12E /* libPods.a */,
				B48C6D4C19AB911E009AFB4B /* Photos.framework */,
				B4D6324819AB3B1A003A7BE9 /* CoreLocation.framework */,
				B4D01AF619A23C8C00CA44B3 /* MapKit.framework */,
			);
			name = Frameworks;
			path = ..;
			sourceTree = "<group>";
		};
/* End PBXGroup section */

/* Begin PBXNativeTarget section */
		B4D175CB198C100D008DA3AE /* ToppTurSvalbard */ = {
			isa = PBXNativeTarget;
			buildConfigurationList = B4D175EB198C100D008DA3AE /* Build configuration list for PBXNativeTarget "ToppTurSvalbard" */;
			buildPhases = (
				81C2E0CD90E90B80DA8A4ABA /* Check Pods Manifest.lock */,
				B4D175C8198C100D008DA3AE /* Sources */,
				B4D175C9198C100D008DA3AE /* Frameworks */,
				B4D175CA198C100D008DA3AE /* Resources */,
				57ABC17B795B71DE3AD17651 /* Copy Pods Resources */,
			);
			buildRules = (
			);
			dependencies = (
			);
			name = ToppTurSvalbard;
			productName = ToppTurSvalbard;
			productReference = B4D57BA21A026885008D5478 /* Topptur.app */;
			productType = "com.apple.product-type.application";
		};
		B4D175E0198C100D008DA3AE /* ToppTurSvalbardTests */ = {
			isa = PBXNativeTarget;
			buildConfigurationList = B4D175EE198C100D008DA3AE /* Build configuration list for PBXNativeTarget "ToppTurSvalbardTests" */;
			buildPhases = (
				B4D175DD198C100D008DA3AE /* Sources */,
				B4D175DE198C100D008DA3AE /* Frameworks */,
				B4D175DF198C100D008DA3AE /* Resources */,
			);
			buildRules = (
			);
			dependencies = (
				B4D175E3198C100D008DA3AE /* PBXTargetDependency */,
			);
			name = ToppTurSvalbardTests;
			productName = ToppTurSvalbardTests;
			productReference = B47C47821A0B7FE0002F5B7E /* ToppTurSvalbardTests.xctest */;
			productType = "com.apple.product-type.bundle.unit-test";
		};
/* End PBXNativeTarget section */

/* Begin PBXProject section */
		B4D175C4198C100D008DA3AE /* Project object */ = {
			isa = PBXProject;
			attributes = {
				LastUpgradeCheck = 0600;
				ORGANIZATIONNAME = publisoft;
				TargetAttributes = {
					B4D175CB198C100D008DA3AE = {
						CreatedOnToolsVersion = 6.0;
						DevelopmentTeam = GE6XU8T7VW;
						SystemCapabilities = {
							com.apple.BackgroundModes = {
								enabled = 1;
							};
							com.apple.InAppPurchase = {
								enabled = 0;
							};
							com.apple.Maps.iOS = {
								enabled = 1;
							};
						};
					};
					B4D175E0198C100D008DA3AE = {
						CreatedOnToolsVersion = 6.0;
						TestTargetID = B4D175CB198C100D008DA3AE;
					};
				};
			};
			buildConfigurationList = B4D175C7198C100D008DA3AE /* Build configuration list for PBXProject "ToppTurSvalbard" */;
			compatibilityVersion = "Xcode 3.2";
			developmentRegion = English;
			hasScannedForEncodings = 0;
			knownRegions = (
				en,
				Base,
				nb,
			);
			mainGroup = B4D175C3198C100D008DA3AE;
			productRefGroup = B4D175C3198C100D008DA3AE;
			projectDirPath = "";
			projectRoot = "";
			targets = (
				B4D175CB198C100D008DA3AE /* ToppTurSvalbard */,
				B4D175E0198C100D008DA3AE /* ToppTurSvalbardTests */,
			);
		};
/* End PBXProject section */

/* Begin PBXResourcesBuildPhase section */
		B4D175CA198C100D008DA3AE /* Resources */ = {
			isa = PBXResourcesBuildPhase;
			buildActionMask = 2147483647;
			files = (
				B4C95EC019C836F800BBF135 /* Lindholmhogda.png in Resources */,
				B4DE042B19A0BE69004EF7C3 /* Localizable.strings in Resources */,
				B4D6324D19AB5FB0003A7BE9 /* 103-map.png in Resources */,
				B4C95EC119C836F800BBF135 /* MorenaLongyearbreen.png in Resources */,
				B4C95EC219C836F800BBF135 /* Nordenskjold.png in Resources */,
				B418751A1A0CCFA000802DCE /* MineTracks.GPX in Resources */,
				B4D2A3191A10C10200107BB0 /* Topptur.GPX in Resources */,
				B4D6324F19AB6000003A7BE9 /* 07-map-marker.png in Resources */,
				B4C95EC919C836F800BBF135 /* VardenBolterdalen.png in Resources */,
				B4C95EC419C836F800BBF135 /* Sneheim.png in Resources */,
				B4C95EC319C836F800BBF135 /* Sarkofagen.png in Resources */,
				B4C8973619D1649300B19933 /* Launch Screen.xib in Resources */,
				B4C95EC619C836F800BBF135 /* Sverdruphammaren.png in Resources */,
				B4D2A31B1A10C95600107BB0 /* Lindholmshøgda.GPX in Resources */,
				B4C95EBF19C836F800BBF135 /* Fuglefjella.png in Resources */,
				B4216C6319A29BC900BC8725 /* Main.storyboard in Resources */,
				B4D2A31D1A10CB1000107BB0 /* Sukkertoppen.GPX in Resources */,
				B44357C419A3E755002B8323 /* mountain.png in Resources */,
				B4C668A419A9C3CA00ACEE18 /* facebook.png in Resources */,
				B4C95EC719C836F800BBF135 /* Trollstein.png in Resources */,
				B4C95EC519C836F800BBF135 /* Sukkertoppen.png in Resources */,
				B4D175DC198C100D008DA3AE /* Images.xcassets in Resources */,
				B4C95EC819C836F800BBF135 /* VardenBjorndalen.png in Resources */,
				B4C95ECA19C836F800BBF135 /* VardenPlataaberget.png in Resources */,
				B4C95EBE19C836F800BBF135 /* Endalen.png in Resources */,
				B4C6689E19A9C2CD00ACEE18 /* text-list.png in Resources */,
				B4EEFFF119D1CF7B00526376 /* AppIcon72x72.png in Resources */,
				B4C95EBD19C836F800BBF135 /* Blomsterdalshogda.png in Resources */,
				B4C523A919D1831B00CD44C2 /* ToppturSvalbard.geojson in Resources */,
			);
			runOnlyForDeploymentPostprocessing = 0;
		};
		B4D175DF198C100D008DA3AE /* Resources */ = {
			isa = PBXResourcesBuildPhase;
			buildActionMask = 2147483647;
			files = (
			);
			runOnlyForDeploymentPostprocessing = 0;
		};
/* End PBXResourcesBuildPhase section */

/* Begin PBXShellScriptBuildPhase section */
		57ABC17B795B71DE3AD17651 /* Copy Pods Resources */ = {
			isa = PBXShellScriptBuildPhase;
			buildActionMask = 2147483647;
			files = (
			);
			inputPaths = (
			);
			name = "Copy Pods Resources";
			outputPaths = (
			);
			runOnlyForDeploymentPostprocessing = 0;
			shellPath = /bin/sh;
			shellScript = "\"${SRCROOT}/Pods/Target Support Files/Pods/Pods-resources.sh\"\n";
			showEnvVarsInLog = 0;
		};
		81C2E0CD90E90B80DA8A4ABA /* Check Pods Manifest.lock */ = {
			isa = PBXShellScriptBuildPhase;
			buildActionMask = 2147483647;
			files = (
			);
			inputPaths = (
			);
			name = "Check Pods Manifest.lock";
			outputPaths = (
			);
			runOnlyForDeploymentPostprocessing = 0;
			shellPath = /bin/sh;
			shellScript = "diff \"${PODS_ROOT}/../Podfile.lock\" \"${PODS_ROOT}/Manifest.lock\" > /dev/null\nif [[ $? != 0 ]] ; then\n    cat << EOM\nerror: The sandbox is not in sync with the Podfile.lock. Run 'pod install' or update your CocoaPods installation.\nEOM\n    exit 1\nfi\n";
			showEnvVarsInLog = 0;
		};
/* End PBXShellScriptBuildPhase section */

/* Begin PBXSourcesBuildPhase section */
		B4D175C8198C100D008DA3AE /* Sources */ = {
			isa = PBXSourcesBuildPhase;
			buildActionMask = 2147483647;
			files = (
				B4CEA54F19955B3F00F6411A /* EditVisitDateVC.swift in Sources */,
				B4D175F4198C1215008DA3AE /* DetailVC.swift in Sources */,
				B4CC1CBA1991F64A0059B5AD /* Summit.swift in Sources */,
				B4C936FC199803AF0078BFC7 /* VisitCell.swift in Sources */,
				B4FB189C19B73AB8000994AB /* TabBarVC.swift in Sources */,
				B4D175F8198C1C4C008DA3AE /* PersistenceHelper.swift in Sources */,
				B4520F4C19917CEF00268F05 /* SummitCell.swift in Sources */,
				B4D175F6198C1BF3008DA3AE /* SummitManager.swift in Sources */,
				B4CFB24019ACA4D2005F9AAF /* PhotoThumbnail.swift in Sources */,
				B4DCF59619A9157000C3B7F2 /* DescriptionVC.swift in Sources */,
				B4D175F2198C11C8008DA3AE /* MainVC.swift in Sources */,
				B4E4A6E819CAF1A8002B5AC6 /* InfoVC.swift in Sources */,
				B4D6324719AB338A003A7BE9 /* SummitPointAnnotation.swift in Sources */,
				B4D6324119AB1C55003A7BE9 /* MainMapVC.swift in Sources */,
				B4D175D2198C100D008DA3AE /* AppDelegate.swift in Sources */,
				B469C0F819C4B381005C9596 /* ImageVideoPicker.swift in Sources */,
				B4DCF59A19A92E8E00C3B7F2 /* MapVC.swift in Sources */,
				B4D175D5198C100D008DA3AE /* ToppTurSvalbard.xcdatamodeld in Sources */,
			);
			runOnlyForDeploymentPostprocessing = 0;
		};
		B4D175DD198C100D008DA3AE /* Sources */ = {
			isa = PBXSourcesBuildPhase;
			buildActionMask = 2147483647;
			files = (
			);
			runOnlyForDeploymentPostprocessing = 0;
		};
/* End PBXSourcesBuildPhase section */

/* Begin PBXTargetDependency section */
		B4D175E3198C100D008DA3AE /* PBXTargetDependency */ = {
			isa = PBXTargetDependency;
			target = B4D175CB198C100D008DA3AE /* ToppTurSvalbard */;
			targetProxy = B4D175E2198C100D008DA3AE /* PBXContainerItemProxy */;
		};
/* End PBXTargetDependency section */

/* Begin PBXVariantGroup section */
		B4216C6119A29BC900BC8725 /* Main.storyboard */ = {
			isa = PBXVariantGroup;
			children = (
				B4216C6219A29BC900BC8725 /* Base */,
				B45B8C1419C72660003F8B7A /* en */,
				B45B8C1619C726A2003F8B7A /* nb */,
			);
			name = Main.storyboard;
			sourceTree = "<group>";
		};
		B4DE042D19A0BE69004EF7C3 /* Localizable.strings */ = {
			isa = PBXVariantGroup;
			children = (
				B4DE042C19A0BE69004EF7C3 /* Base */,
				B4DE043119A0BF2B004EF7C3 /* en */,
				B4DE043319A0C069004EF7C3 /* nb */,
			);
			name = Localizable.strings;
			sourceTree = "<group>";
		};
/* End PBXVariantGroup section */

/* Begin XCBuildConfiguration section */
		B4D175E9198C100D008DA3AE /* Debug */ = {
			isa = XCBuildConfiguration;
			buildSettings = {
				ALWAYS_SEARCH_USER_PATHS = NO;
				CLANG_CXX_LANGUAGE_STANDARD = "gnu++0x";
				CLANG_CXX_LIBRARY = "libc++";
				CLANG_ENABLE_MODULES = YES;
				CLANG_ENABLE_OBJC_ARC = YES;
				CLANG_WARN_BOOL_CONVERSION = YES;
				CLANG_WARN_CONSTANT_CONVERSION = YES;
				CLANG_WARN_DIRECT_OBJC_ISA_USAGE = YES_ERROR;
				CLANG_WARN_EMPTY_BODY = YES;
				CLANG_WARN_ENUM_CONVERSION = YES;
				CLANG_WARN_INT_CONVERSION = YES;
				CLANG_WARN_OBJC_ROOT_CLASS = YES_ERROR;
				CLANG_WARN_UNREACHABLE_CODE = YES;
				CLANG_WARN__DUPLICATE_METHOD_MATCH = YES;
				"CODE_SIGN_IDENTITY[sdk=iphoneos*]" = "iPhone Developer";
				COPY_PHASE_STRIP = NO;
				ENABLE_STRICT_OBJC_MSGSEND = YES;
				GCC_C_LANGUAGE_STANDARD = gnu99;
				GCC_DYNAMIC_NO_PIC = NO;
				GCC_OPTIMIZATION_LEVEL = 0;
				GCC_PREPROCESSOR_DEFINITIONS = (
					"DEBUG=1",
					"$(inherited)",
				);
				GCC_SYMBOLS_PRIVATE_EXTERN = NO;
				GCC_WARN_64_TO_32_BIT_CONVERSION = YES;
				GCC_WARN_ABOUT_RETURN_TYPE = YES_ERROR;
				GCC_WARN_UNDECLARED_SELECTOR = YES;
				GCC_WARN_UNINITIALIZED_AUTOS = YES_AGGRESSIVE;
				GCC_WARN_UNUSED_FUNCTION = YES;
				GCC_WARN_UNUSED_VARIABLE = YES;
				IPHONEOS_DEPLOYMENT_TARGET = 8.0;
				MTL_ENABLE_DEBUG_INFO = YES;
				ONLY_ACTIVE_ARCH = YES;
				SCAN_ALL_SOURCE_FILES_FOR_INCLUDES = NO;
				SDKROOT = iphoneos;
				SWIFT_OPTIMIZATION_LEVEL = "-Onone";
			};
			name = Debug;
		};
		B4D175EA198C100D008DA3AE /* Release */ = {
			isa = XCBuildConfiguration;
			buildSettings = {
				ALWAYS_SEARCH_USER_PATHS = NO;
				CLANG_CXX_LANGUAGE_STANDARD = "gnu++0x";
				CLANG_CXX_LIBRARY = "libc++";
				CLANG_ENABLE_MODULES = YES;
				CLANG_ENABLE_OBJC_ARC = YES;
				CLANG_WARN_BOOL_CONVERSION = YES;
				CLANG_WARN_CONSTANT_CONVERSION = YES;
				CLANG_WARN_DIRECT_OBJC_ISA_USAGE = YES_ERROR;
				CLANG_WARN_EMPTY_BODY = YES;
				CLANG_WARN_ENUM_CONVERSION = YES;
				CLANG_WARN_INT_CONVERSION = YES;
				CLANG_WARN_OBJC_ROOT_CLASS = YES_ERROR;
				CLANG_WARN_UNREACHABLE_CODE = YES;
				CLANG_WARN__DUPLICATE_METHOD_MATCH = YES;
				"CODE_SIGN_IDENTITY[sdk=iphoneos*]" = "iPhone Developer";
				COPY_PHASE_STRIP = YES;
				ENABLE_NS_ASSERTIONS = NO;
				ENABLE_STRICT_OBJC_MSGSEND = YES;
				GCC_C_LANGUAGE_STANDARD = gnu99;
				GCC_WARN_64_TO_32_BIT_CONVERSION = YES;
				GCC_WARN_ABOUT_RETURN_TYPE = YES_ERROR;
				GCC_WARN_UNDECLARED_SELECTOR = YES;
				GCC_WARN_UNINITIALIZED_AUTOS = YES_AGGRESSIVE;
				GCC_WARN_UNUSED_FUNCTION = YES;
				GCC_WARN_UNUSED_VARIABLE = YES;
				IPHONEOS_DEPLOYMENT_TARGET = 8.0;
				MTL_ENABLE_DEBUG_INFO = NO;
				SCAN_ALL_SOURCE_FILES_FOR_INCLUDES = NO;
				SDKROOT = iphoneos;
				VALIDATE_PRODUCT = YES;
			};
			name = Release;
		};
		B4D175EC198C100D008DA3AE /* Debug */ = {
			isa = XCBuildConfiguration;
			baseConfigurationReference = 927B464433E3DAF468879A76 /* Pods.debug.xcconfig */;
			buildSettings = {
				ASSETCATALOG_COMPILER_APPICON_NAME = AppIcon;
				ASSETCATALOG_COMPILER_LAUNCHIMAGE_NAME = LaunchImage;
				CLANG_ENABLE_MODULES = YES;
				CODE_SIGN_IDENTITY = "iPhone Developer";
				"CODE_SIGN_IDENTITY[sdk=iphoneos*]" = "iPhone Developer";
				FRAMEWORK_SEARCH_PATHS = (
					"$(inherited)",
					"$(PROJECT_DIR)",
				);
				INFOPLIST_FILE = ToppTurSvalbard/Info.plist;
				IPHONEOS_DEPLOYMENT_TARGET = 8.0;
				LD_RUNPATH_SEARCH_PATHS = "$(inherited) @executable_path/Frameworks";
				PRODUCT_NAME = Topptur;
				PROVISIONING_PROFILE = "";
				SCAN_ALL_SOURCE_FILES_FOR_INCLUDES = YES;
				SWIFT_OBJC_BRIDGING_HEADER = "ToppTurSvalbard/ToppTurSvalbard-Bridging-Header.h";
				SWIFT_OPTIMIZATION_LEVEL = "-Onone";
				TARGETED_DEVICE_FAMILY = 1;
			};
			name = Debug;
		};
		B4D175ED198C100D008DA3AE /* Release */ = {
			isa = XCBuildConfiguration;
			baseConfigurationReference = 9BB14E605E8C81C51782C672 /* Pods.release.xcconfig */;
			buildSettings = {
				ASSETCATALOG_COMPILER_APPICON_NAME = AppIcon;
				ASSETCATALOG_COMPILER_LAUNCHIMAGE_NAME = LaunchImage;
				CLANG_ENABLE_MODULES = YES;
				CODE_SIGN_IDENTITY = "iPhone Developer";
				"CODE_SIGN_IDENTITY[sdk=iphoneos*]" = "iPhone Developer";
				FRAMEWORK_SEARCH_PATHS = (
					"$(inherited)",
					"$(PROJECT_DIR)",
				);
				INFOPLIST_FILE = ToppTurSvalbard/Info.plist;
				IPHONEOS_DEPLOYMENT_TARGET = 8.0;
				LD_RUNPATH_SEARCH_PATHS = "$(inherited) @executable_path/Frameworks";
				PRODUCT_NAME = Topptur;
				PROVISIONING_PROFILE = "";
				SCAN_ALL_SOURCE_FILES_FOR_INCLUDES = YES;
				SWIFT_OBJC_BRIDGING_HEADER = "ToppTurSvalbard/ToppTurSvalbard-Bridging-Header.h";
				TARGETED_DEVICE_FAMILY = 1;
			};
			name = Release;
		};
		B4D175EF198C100D008DA3AE /* Debug */ = {
			isa = XCBuildConfiguration;
			buildSettings = {
				BUNDLE_LOADER = "$(BUILT_PRODUCTS_DIR)/ToppTurSvalbard.app/ToppTurSvalbard";
				FRAMEWORK_SEARCH_PATHS = (
					"$(SDKROOT)/Developer/Library/Frameworks",
					"$(inherited)",
				);
				GCC_PREPROCESSOR_DEFINITIONS = (
					"DEBUG=1",
					"$(inherited)",
				);
				INFOPLIST_FILE = ToppTurSvalbardTests/Info.plist;
				LD_RUNPATH_SEARCH_PATHS = "$(inherited) @executable_path/Frameworks @loader_path/Frameworks";
				PRODUCT_NAME = "$(TARGET_NAME)";
				TEST_HOST = "$(BUNDLE_LOADER)";
			};
			name = Debug;
		};
		B4D175F0198C100D008DA3AE /* Release */ = {
			isa = XCBuildConfiguration;
			buildSettings = {
				BUNDLE_LOADER = "$(BUILT_PRODUCTS_DIR)/ToppTurSvalbard.app/ToppTurSvalbard";
				FRAMEWORK_SEARCH_PATHS = (
					"$(SDKROOT)/Developer/Library/Frameworks",
					"$(inherited)",
				);
				INFOPLIST_FILE = ToppTurSvalbardTests/Info.plist;
				LD_RUNPATH_SEARCH_PATHS = "$(inherited) @executable_path/Frameworks @loader_path/Frameworks";
				PRODUCT_NAME = "$(TARGET_NAME)";
				TEST_HOST = "$(BUNDLE_LOADER)";
			};
			name = Release;
		};
/* End XCBuildConfiguration section */

/* Begin XCConfigurationList section */
		B4D175C7198C100D008DA3AE /* Build configuration list for PBXProject "ToppTurSvalbard" */ = {
			isa = XCConfigurationList;
			buildConfigurations = (
				B4D175E9198C100D008DA3AE /* Debug */,
				B4D175EA198C100D008DA3AE /* Release */,
			);
			defaultConfigurationIsVisible = 0;
			defaultConfigurationName = Release;
		};
		B4D175EB198C100D008DA3AE /* Build configuration list for PBXNativeTarget "ToppTurSvalbard" */ = {
			isa = XCConfigurationList;
			buildConfigurations = (
				B4D175EC198C100D008DA3AE /* Debug */,
				B4D175ED198C100D008DA3AE /* Release */,
			);
			defaultConfigurationIsVisible = 0;
			defaultConfigurationName = Release;
		};
		B4D175EE198C100D008DA3AE /* Build configuration list for PBXNativeTarget "ToppTurSvalbardTests" */ = {
			isa = XCConfigurationList;
			buildConfigurations = (
				B4D175EF198C100D008DA3AE /* Debug */,
				B4D175F0198C100D008DA3AE /* Release */,
			);
			defaultConfigurationIsVisible = 0;
			defaultConfigurationName = Release;
		};
/* End XCConfigurationList section */

/* Begin XCVersionGroup section */
		B4D175D3198C100D008DA3AE /* ToppTurSvalbard.xcdatamodeld */ = {
			isa = XCVersionGroup;
			children = (
				B4D175D4198C100D008DA3AE /* ToppTurSvalbard.xcdatamodel */,
			);
			currentVersion = B4D175D4198C100D008DA3AE /* ToppTurSvalbard.xcdatamodel */;
			path = ToppTurSvalbard.xcdatamodeld;
			sourceTree = "<group>";
			versionGroupType = wrapper.xcdatamodel;
		};
/* End XCVersionGroup section */
	};
	rootObject = B4D175C4198C100D008DA3AE /* Project object */;
}
